// !$*UTF8*$!
{
	archiveVersion = 1;
	classes = {
	};
	objectVersion = 56;
	objects = {

/* Begin PBXBuildFile section */
		9977269B2B4107BF00EE12B8 /* AvatarView.swift in Sources */ = {isa = PBXBuildFile; fileRef = 9977269A2B4107BF00EE12B8 /* AvatarView.swift */; };
		9977269D2B41096A00EE12B8 /* User.swift in Sources */ = {isa = PBXBuildFile; fileRef = 9977269C2B41096A00EE12B8 /* User.swift */; };
		997726A02B410F9800EE12B8 /* UsersScreen.swift in Sources */ = {isa = PBXBuildFile; fileRef = 9977269F2B410F9800EE12B8 /* UsersScreen.swift */; };
		997726A22B410FA800EE12B8 /* UsersViewModel.swift in Sources */ = {isa = PBXBuildFile; fileRef = 997726A12B410FA800EE12B8 /* UsersViewModel.swift */; };
		997726A52B41239500EE12B8 /* UsernameView.swift in Sources */ = {isa = PBXBuildFile; fileRef = 997726A42B41239500EE12B8 /* UsernameView.swift */; };
		997726A72B41250B00EE12B8 /* UserFollow.swift in Sources */ = {isa = PBXBuildFile; fileRef = 997726A62B41250B00EE12B8 /* UserFollow.swift */; };
		997726A92B41256F00EE12B8 /* User+DummyData.swift in Sources */ = {isa = PBXBuildFile; fileRef = 997726A82B41256F00EE12B8 /* User+DummyData.swift */; };
		997726AB2B41285700EE12B8 /* UserModalScreen.swift in Sources */ = {isa = PBXBuildFile; fileRef = 997726AA2B41285700EE12B8 /* UserModalScreen.swift */; };
		997726AD2B413ABF00EE12B8 /* UserMutualsView.swift in Sources */ = {isa = PBXBuildFile; fileRef = 997726AC2B413ABF00EE12B8 /* UserMutualsView.swift */; };
		99A042C42B3EC4AC00008784 /* meeet_appApp.swift in Sources */ = {isa = PBXBuildFile; fileRef = 99A042C32B3EC4AC00008784 /* meeet_appApp.swift */; };
		99A042C62B3EC4AC00008784 /* ContentView.swift in Sources */ = {isa = PBXBuildFile; fileRef = 99A042C52B3EC4AC00008784 /* ContentView.swift */; };
		99A042C82B3EC4AD00008784 /* Assets.xcassets in Resources */ = {isa = PBXBuildFile; fileRef = 99A042C72B3EC4AD00008784 /* Assets.xcassets */; };
		99A042CB2B3EC4AD00008784 /* Preview Assets.xcassets in Resources */ = {isa = PBXBuildFile; fileRef = 99A042CA2B3EC4AD00008784 /* Preview Assets.xcassets */; };
		99A042D92B3EC7D900008784 /* RecoletaAlt-Bold.ttf in Resources */ = {isa = PBXBuildFile; fileRef = 99A042D82B3EC7D900008784 /* RecoletaAlt-Bold.ttf */; };
		99A042DD2B3ED31000008784 /* Font+Ext.swift in Sources */ = {isa = PBXBuildFile; fileRef = 99A042DC2B3ED31000008784 /* Font+Ext.swift */; };
		99A042DF2B3ED39B00008784 /* Color+Ext.swift in Sources */ = {isa = PBXBuildFile; fileRef = 99A042DE2B3ED39B00008784 /* Color+Ext.swift */; };
/* End PBXBuildFile section */

/* Begin PBXFileReference section */
		9977269A2B4107BF00EE12B8 /* AvatarView.swift */ = {isa = PBXFileReference; lastKnownFileType = sourcecode.swift; path = AvatarView.swift; sourceTree = "<group>"; };
		9977269C2B41096A00EE12B8 /* User.swift */ = {isa = PBXFileReference; lastKnownFileType = sourcecode.swift; path = User.swift; sourceTree = "<group>"; };
		9977269F2B410F9800EE12B8 /* UsersScreen.swift */ = {isa = PBXFileReference; lastKnownFileType = sourcecode.swift; path = UsersScreen.swift; sourceTree = "<group>"; };
		997726A12B410FA800EE12B8 /* UsersViewModel.swift */ = {isa = PBXFileReference; lastKnownFileType = sourcecode.swift; path = UsersViewModel.swift; sourceTree = "<group>"; };
		997726A42B41239500EE12B8 /* UsernameView.swift */ = {isa = PBXFileReference; lastKnownFileType = sourcecode.swift; path = UsernameView.swift; sourceTree = "<group>"; };
		997726A62B41250B00EE12B8 /* UserFollow.swift */ = {isa = PBXFileReference; lastKnownFileType = sourcecode.swift; path = UserFollow.swift; sourceTree = "<group>"; };
		997726A82B41256F00EE12B8 /* User+DummyData.swift */ = {isa = PBXFileReference; lastKnownFileType = sourcecode.swift; path = "User+DummyData.swift"; sourceTree = "<group>"; };
		997726AA2B41285700EE12B8 /* UserModalScreen.swift */ = {isa = PBXFileReference; lastKnownFileType = sourcecode.swift; path = UserModalScreen.swift; sourceTree = "<group>"; };
		997726AC2B413ABF00EE12B8 /* UserMutualsView.swift */ = {isa = PBXFileReference; lastKnownFileType = sourcecode.swift; path = UserMutualsView.swift; sourceTree = "<group>"; };
		99A042C02B3EC4AC00008784 /* meeet-app.app */ = {isa = PBXFileReference; explicitFileType = wrapper.application; includeInIndex = 0; path = "meeet-app.app"; sourceTree = BUILT_PRODUCTS_DIR; };
		99A042C32B3EC4AC00008784 /* meeet_appApp.swift */ = {isa = PBXFileReference; lastKnownFileType = sourcecode.swift; path = meeet_appApp.swift; sourceTree = "<group>"; };
		99A042C52B3EC4AC00008784 /* ContentView.swift */ = {isa = PBXFileReference; lastKnownFileType = sourcecode.swift; path = ContentView.swift; sourceTree = "<group>"; };
		99A042C72B3EC4AD00008784 /* Assets.xcassets */ = {isa = PBXFileReference; lastKnownFileType = folder.assetcatalog; path = Assets.xcassets; sourceTree = "<group>"; };
		99A042CA2B3EC4AD00008784 /* Preview Assets.xcassets */ = {isa = PBXFileReference; lastKnownFileType = folder.assetcatalog; path = "Preview Assets.xcassets"; sourceTree = "<group>"; };
		99A042D82B3EC7D900008784 /* RecoletaAlt-Bold.ttf */ = {isa = PBXFileReference; lastKnownFileType = file; path = "RecoletaAlt-Bold.ttf"; sourceTree = "<group>"; };
		99A042DC2B3ED31000008784 /* Font+Ext.swift */ = {isa = PBXFileReference; lastKnownFileType = sourcecode.swift; path = "Font+Ext.swift"; sourceTree = "<group>"; };
		99A042DE2B3ED39B00008784 /* Color+Ext.swift */ = {isa = PBXFileReference; lastKnownFileType = sourcecode.swift; path = "Color+Ext.swift"; sourceTree = "<group>"; };
		99A042E02B3ED62D00008784 /* Info.plist */ = {isa = PBXFileReference; lastKnownFileType = text.plist; path = Info.plist; sourceTree = "<group>"; };
/* End PBXFileReference section */

/* Begin PBXFrameworksBuildPhase section */
		99A042BD2B3EC4AC00008784 /* Frameworks */ = {
			isa = PBXFrameworksBuildPhase;
			buildActionMask = 2147483647;
			files = (
			);
			runOnlyForDeploymentPostprocessing = 0;
		};
/* End PBXFrameworksBuildPhase section */

/* Begin PBXGroup section */
		9977269E2B410F7B00EE12B8 /* Users */ = {
			isa = PBXGroup;
			children = (
				9977269F2B410F9800EE12B8 /* UsersScreen.swift */,
				997726A12B410FA800EE12B8 /* UsersViewModel.swift */,
				997726AA2B41285700EE12B8 /* UserModalScreen.swift */,
			);
			path = Users;
			sourceTree = "<group>";
		};
		997726A32B41235F00EE12B8 /* UserComponents */ = {
			isa = PBXGroup;
			children = (
				9977269A2B4107BF00EE12B8 /* AvatarView.swift */,
				997726A42B41239500EE12B8 /* UsernameView.swift */,
				997726A62B41250B00EE12B8 /* UserFollow.swift */,
				997726AC2B413ABF00EE12B8 /* UserMutualsView.swift */,
			);
			path = UserComponents;
			sourceTree = "<group>";
		};
		99A042B72B3EC4AC00008784 = {
			isa = PBXGroup;
			children = (
				99A042C22B3EC4AC00008784 /* meeet-app */,
				99A042C12B3EC4AC00008784 /* Products */,
			);
			sourceTree = "<group>";
		};
		99A042C12B3EC4AC00008784 /* Products */ = {
			isa = PBXGroup;
			children = (
				99A042C02B3EC4AC00008784 /* meeet-app.app */,
			);
			name = Products;
			sourceTree = "<group>";
		};
		99A042C22B3EC4AC00008784 /* meeet-app */ = {
			isa = PBXGroup;
			children = (
				99A042E02B3ED62D00008784 /* Info.plist */,
				99A042C52B3EC4AC00008784 /* ContentView.swift */,
				99A042C32B3EC4AC00008784 /* meeet_appApp.swift */,
				99A042C72B3EC4AD00008784 /* Assets.xcassets */,
				99A042D12B3EC64000008784 /* Components */,
				99A042D42B3EC67500008784 /* DesignSystems */,
				99A042D52B3EC68A00008784 /* Fonts */,
				99A042D22B3EC64900008784 /* Model */,
				99A042C92B3EC4AD00008784 /* Preview Content */,
				99A042D32B3EC66C00008784 /* Screens */,
			);
			path = "meeet-app";
			sourceTree = "<group>";
		};
		99A042C92B3EC4AD00008784 /* Preview Content */ = {
			isa = PBXGroup;
			children = (
				99A042CA2B3EC4AD00008784 /* Preview Assets.xcassets */,
				997726A82B41256F00EE12B8 /* User+DummyData.swift */,
			);
			path = "Preview Content";
			sourceTree = "<group>";
		};
		99A042D12B3EC64000008784 /* Components */ = {
			isa = PBXGroup;
			children = (
				997726A32B41235F00EE12B8 /* UserComponents */,
			);
			path = Components;
			sourceTree = "<group>";
		};
		99A042D22B3EC64900008784 /* Model */ = {
			isa = PBXGroup;
			children = (
				9977269C2B41096A00EE12B8 /* User.swift */,
			);
			path = Model;
			sourceTree = "<group>";
		};
		99A042D32B3EC66C00008784 /* Screens */ = {
			isa = PBXGroup;
			children = (
				9977269E2B410F7B00EE12B8 /* Users */,
			);
			path = Screens;
			sourceTree = "<group>";
		};
		99A042D42B3EC67500008784 /* DesignSystems */ = {
			isa = PBXGroup;
			children = (
				99A042DC2B3ED31000008784 /* Font+Ext.swift */,
				99A042DE2B3ED39B00008784 /* Color+Ext.swift */,
			);
			path = DesignSystems;
			sourceTree = "<group>";
		};
		99A042D52B3EC68A00008784 /* Fonts */ = {
			isa = PBXGroup;
			children = (
				99A042D82B3EC7D900008784 /* RecoletaAlt-Bold.ttf */,
			);
			path = Fonts;
			sourceTree = "<group>";
		};
/* End PBXGroup section */

/* Begin PBXNativeTarget section */
		99A042BF2B3EC4AC00008784 /* meeet-app */ = {
			isa = PBXNativeTarget;
			buildConfigurationList = 99A042CE2B3EC4AD00008784 /* Build configuration list for PBXNativeTarget "meeet-app" */;
			buildPhases = (
				99A042BC2B3EC4AC00008784 /* Sources */,
				99A042BD2B3EC4AC00008784 /* Frameworks */,
				99A042BE2B3EC4AC00008784 /* Resources */,
			);
			buildRules = (
			);
			dependencies = (
			);
			name = "meeet-app";
			productName = "meeet-app";
			productReference = 99A042C02B3EC4AC00008784 /* meeet-app.app */;
			productType = "com.apple.product-type.application";
		};
/* End PBXNativeTarget section */

/* Begin PBXProject section */
		99A042B82B3EC4AC00008784 /* Project object */ = {
			isa = PBXProject;
			attributes = {
				BuildIndependentTargetsInParallel = 1;
				LastSwiftUpdateCheck = 1510;
				LastUpgradeCheck = 1510;
				TargetAttributes = {
					99A042BF2B3EC4AC00008784 = {
						CreatedOnToolsVersion = 15.1;
					};
				};
			};
			buildConfigurationList = 99A042BB2B3EC4AC00008784 /* Build configuration list for PBXProject "meeet-app" */;
			compatibilityVersion = "Xcode 14.0";
			developmentRegion = en;
			hasScannedForEncodings = 0;
			knownRegions = (
				en,
				Base,
			);
			mainGroup = 99A042B72B3EC4AC00008784;
			productRefGroup = 99A042C12B3EC4AC00008784 /* Products */;
			projectDirPath = "";
			projectRoot = "";
			targets = (
				99A042BF2B3EC4AC00008784 /* meeet-app */,
			);
		};
/* End PBXProject section */

/* Begin PBXResourcesBuildPhase section */
		99A042BE2B3EC4AC00008784 /* Resources */ = {
			isa = PBXResourcesBuildPhase;
			buildActionMask = 2147483647;
			files = (
				99A042CB2B3EC4AD00008784 /* Preview Assets.xcassets in Resources */,
				99A042D92B3EC7D900008784 /* RecoletaAlt-Bold.ttf in Resources */,
				99A042C82B3EC4AD00008784 /* Assets.xcassets in Resources */,
			);
			runOnlyForDeploymentPostprocessing = 0;
		};
/* End PBXResourcesBuildPhase section */

/* Begin PBXSourcesBuildPhase section */
		99A042BC2B3EC4AC00008784 /* Sources */ = {
			isa = PBXSourcesBuildPhase;
			buildActionMask = 2147483647;
			files = (
				997726AB2B41285700EE12B8 /* UserModalScreen.swift in Sources */,
				997726A52B41239500EE12B8 /* UsernameView.swift in Sources */,
				99A042C62B3EC4AC00008784 /* ContentView.swift in Sources */,
				997726A92B41256F00EE12B8 /* User+DummyData.swift in Sources */,
				997726AD2B413ABF00EE12B8 /* UserMutualsView.swift in Sources */,
				99A042DF2B3ED39B00008784 /* Color+Ext.swift in Sources */,
				9977269D2B41096A00EE12B8 /* User.swift in Sources */,
				997726A02B410F9800EE12B8 /* UsersScreen.swift in Sources */,
				99A042C42B3EC4AC00008784 /* meeet_appApp.swift in Sources */,
				997726A22B410FA800EE12B8 /* UsersViewModel.swift in Sources */,
				9977269B2B4107BF00EE12B8 /* AvatarView.swift in Sources */,
				99A042DD2B3ED31000008784 /* Font+Ext.swift in Sources */,
				997726A72B41250B00EE12B8 /* UserFollow.swift in Sources */,
			);
			runOnlyForDeploymentPostprocessing = 0;
		};
/* End PBXSourcesBuildPhase section */

/* Begin XCBuildConfiguration section */
		99A042CC2B3EC4AD00008784 /* Debug */ = {
			isa = XCBuildConfiguration;
			buildSettings = {
				ALWAYS_SEARCH_USER_PATHS = NO;
				ASSETCATALOG_COMPILER_GENERATE_SWIFT_ASSET_SYMBOL_EXTENSIONS = YES;
				CLANG_ANALYZER_NONNULL = YES;
				CLANG_ANALYZER_NUMBER_OBJECT_CONVERSION = YES_AGGRESSIVE;
				CLANG_CXX_LANGUAGE_STANDARD = "gnu++20";
				CLANG_ENABLE_MODULES = YES;
				CLANG_ENABLE_OBJC_ARC = YES;
				CLANG_ENABLE_OBJC_WEAK = YES;
				CLANG_WARN_BLOCK_CAPTURE_AUTORELEASING = YES;
				CLANG_WARN_BOOL_CONVERSION = YES;
				CLANG_WARN_COMMA = YES;
				CLANG_WARN_CONSTANT_CONVERSION = YES;
				CLANG_WARN_DEPRECATED_OBJC_IMPLEMENTATIONS = YES;
				CLANG_WARN_DIRECT_OBJC_ISA_USAGE = YES_ERROR;
				CLANG_WARN_DOCUMENTATION_COMMENTS = YES;
				CLANG_WARN_EMPTY_BODY = YES;
				CLANG_WARN_ENUM_CONVERSION = YES;
				CLANG_WARN_INFINITE_RECURSION = YES;
				CLANG_WARN_INT_CONVERSION = YES;
				CLANG_WARN_NON_LITERAL_NULL_CONVERSION = YES;
				CLANG_WARN_OBJC_IMPLICIT_RETAIN_SELF = YES;
				CLANG_WARN_OBJC_LITERAL_CONVERSION = YES;
				CLANG_WARN_OBJC_ROOT_CLASS = YES_ERROR;
				CLANG_WARN_QUOTED_INCLUDE_IN_FRAMEWORK_HEADER = YES;
				CLANG_WARN_RANGE_LOOP_ANALYSIS = YES;
				CLANG_WARN_STRICT_PROTOTYPES = YES;
				CLANG_WARN_SUSPICIOUS_MOVE = YES;
				CLANG_WARN_UNGUARDED_AVAILABILITY = YES_AGGRESSIVE;
				CLANG_WARN_UNREACHABLE_CODE = YES;
				CLANG_WARN__DUPLICATE_METHOD_MATCH = YES;
				COPY_PHASE_STRIP = NO;
				DEBUG_INFORMATION_FORMAT = dwarf;
				ENABLE_STRICT_OBJC_MSGSEND = YES;
				ENABLE_TESTABILITY = YES;
				ENABLE_USER_SCRIPT_SANDBOXING = YES;
				GCC_C_LANGUAGE_STANDARD = gnu17;
				GCC_DYNAMIC_NO_PIC = NO;
				GCC_NO_COMMON_BLOCKS = YES;
				GCC_OPTIMIZATION_LEVEL = 0;
				GCC_PREPROCESSOR_DEFINITIONS = (
					"DEBUG=1",
					"$(inherited)",
				);
				GCC_WARN_64_TO_32_BIT_CONVERSION = YES;
				GCC_WARN_ABOUT_RETURN_TYPE = YES_ERROR;
				GCC_WARN_UNDECLARED_SELECTOR = YES;
				GCC_WARN_UNINITIALIZED_AUTOS = YES_AGGRESSIVE;
				GCC_WARN_UNUSED_FUNCTION = YES;
				GCC_WARN_UNUSED_VARIABLE = YES;
				IPHONEOS_DEPLOYMENT_TARGET = 17.2;
				LOCALIZATION_PREFERS_STRING_CATALOGS = YES;
				MTL_ENABLE_DEBUG_INFO = INCLUDE_SOURCE;
				MTL_FAST_MATH = YES;
				ONLY_ACTIVE_ARCH = YES;
				SDKROOT = iphoneos;
				SWIFT_ACTIVE_COMPILATION_CONDITIONS = "DEBUG $(inherited)";
				SWIFT_OPTIMIZATION_LEVEL = "-Onone";
			};
			name = Debug;
		};
		99A042CD2B3EC4AD00008784 /* Release */ = {
			isa = XCBuildConfiguration;
			buildSettings = {
				ALWAYS_SEARCH_USER_PATHS = NO;
				ASSETCATALOG_COMPILER_GENERATE_SWIFT_ASSET_SYMBOL_EXTENSIONS = YES;
				CLANG_ANALYZER_NONNULL = YES;
				CLANG_ANALYZER_NUMBER_OBJECT_CONVERSION = YES_AGGRESSIVE;
				CLANG_CXX_LANGUAGE_STANDARD = "gnu++20";
				CLANG_ENABLE_MODULES = YES;
				CLANG_ENABLE_OBJC_ARC = YES;
				CLANG_ENABLE_OBJC_WEAK = YES;
				CLANG_WARN_BLOCK_CAPTURE_AUTORELEASING = YES;
				CLANG_WARN_BOOL_CONVERSION = YES;
				CLANG_WARN_COMMA = YES;
				CLANG_WARN_CONSTANT_CONVERSION = YES;
				CLANG_WARN_DEPRECATED_OBJC_IMPLEMENTATIONS = YES;
				CLANG_WARN_DIRECT_OBJC_ISA_USAGE = YES_ERROR;
				CLANG_WARN_DOCUMENTATION_COMMENTS = YES;
				CLANG_WARN_EMPTY_BODY = YES;
				CLANG_WARN_ENUM_CONVERSION = YES;
				CLANG_WARN_INFINITE_RECURSION = YES;
				CLANG_WARN_INT_CONVERSION = YES;
				CLANG_WARN_NON_LITERAL_NULL_CONVERSION = YES;
				CLANG_WARN_OBJC_IMPLICIT_RETAIN_SELF = YES;
				CLANG_WARN_OBJC_LITERAL_CONVERSION = YES;
				CLANG_WARN_OBJC_ROOT_CLASS = YES_ERROR;
				CLANG_WARN_QUOTED_INCLUDE_IN_FRAMEWORK_HEADER = YES;
				CLANG_WARN_RANGE_LOOP_ANALYSIS = YES;
				CLANG_WARN_STRICT_PROTOTYPES = YES;
				CLANG_WARN_SUSPICIOUS_MOVE = YES;
				CLANG_WARN_UNGUARDED_AVAILABILITY = YES_AGGRESSIVE;
				CLANG_WARN_UNREACHABLE_CODE = YES;
				CLANG_WARN__DUPLICATE_METHOD_MATCH = YES;
				COPY_PHASE_STRIP = NO;
				DEBUG_INFORMATION_FORMAT = "dwarf-with-dsym";
				ENABLE_NS_ASSERTIONS = NO;
				ENABLE_STRICT_OBJC_MSGSEND = YES;
				ENABLE_USER_SCRIPT_SANDBOXING = YES;
				GCC_C_LANGUAGE_STANDARD = gnu17;
				GCC_NO_COMMON_BLOCKS = YES;
				GCC_WARN_64_TO_32_BIT_CONVERSION = YES;
				GCC_WARN_ABOUT_RETURN_TYPE = YES_ERROR;
				GCC_WARN_UNDECLARED_SELECTOR = YES;
				GCC_WARN_UNINITIALIZED_AUTOS = YES_AGGRESSIVE;
				GCC_WARN_UNUSED_FUNCTION = YES;
				GCC_WARN_UNUSED_VARIABLE = YES;
				IPHONEOS_DEPLOYMENT_TARGET = 17.2;
				LOCALIZATION_PREFERS_STRING_CATALOGS = YES;
				MTL_ENABLE_DEBUG_INFO = NO;
				MTL_FAST_MATH = YES;
				SDKROOT = iphoneos;
				SWIFT_COMPILATION_MODE = wholemodule;
				VALIDATE_PRODUCT = YES;
			};
			name = Release;
		};
		99A042CF2B3EC4AD00008784 /* Debug */ = {
			isa = XCBuildConfiguration;
			buildSettings = {
				ASSETCATALOG_COMPILER_APPICON_NAME = AppIcon;
				ASSETCATALOG_COMPILER_GLOBAL_ACCENT_COLOR_NAME = AccentColor;
				CODE_SIGN_STYLE = Automatic;
				CURRENT_PROJECT_VERSION = 1;
				DEVELOPMENT_ASSET_PATHS = "\"meeet-app/Preview Content\"";
				DEVELOPMENT_TEAM = 8779RY6ZN8;
				ENABLE_PREVIEWS = YES;
				GENERATE_INFOPLIST_FILE = YES;
				INFOPLIST_FILE = "meeet-app/Info.plist";
				INFOPLIST_KEY_UIApplicationSceneManifest_Generation = YES;
				INFOPLIST_KEY_UIApplicationSupportsIndirectInputEvents = YES;
				INFOPLIST_KEY_UILaunchScreen_Generation = YES;
				INFOPLIST_KEY_UISupportedInterfaceOrientations_iPad = "UIInterfaceOrientationPortrait UIInterfaceOrientationPortraitUpsideDown UIInterfaceOrientationLandscapeLeft UIInterfaceOrientationLandscapeRight";
				INFOPLIST_KEY_UISupportedInterfaceOrientations_iPhone = "UIInterfaceOrientationPortrait UIInterfaceOrientationLandscapeLeft UIInterfaceOrientationLandscapeRight";
				LD_RUNPATH_SEARCH_PATHS = (
					"$(inherited)",
					"@executable_path/Frameworks",
				);
				MARKETING_VERSION = 1.0;
				PRODUCT_BUNDLE_IDENTIFIER = "IndieHacking.meeet-app";
				PRODUCT_NAME = "$(TARGET_NAME)";
				SWIFT_EMIT_LOC_STRINGS = YES;
				SWIFT_VERSION = 5.0;
				TARGETED_DEVICE_FAMILY = "1,2";
			};
			name = Debug;
		};
		99A042D02B3EC4AD00008784 /* Release */ = {
			isa = XCBuildConfiguration;
			buildSettings = {
				ASSETCATALOG_COMPILER_APPICON_NAME = AppIcon;
				ASSETCATALOG_COMPILER_GLOBAL_ACCENT_COLOR_NAME = AccentColor;
				CODE_SIGN_STYLE = Automatic;
				CURRENT_PROJECT_VERSION = 1;
				DEVELOPMENT_ASSET_PATHS = "\"meeet-app/Preview Content\"";
				DEVELOPMENT_TEAM = 8779RY6ZN8;
				ENABLE_PREVIEWS = YES;
				GENERATE_INFOPLIST_FILE = YES;
				INFOPLIST_FILE = "meeet-app/Info.plist";
				INFOPLIST_KEY_UIApplicationSceneManifest_Generation = YES;
				INFOPLIST_KEY_UIApplicationSupportsIndirectInputEvents = YES;
				INFOPLIST_KEY_UILaunchScreen_Generation = YES;
				INFOPLIST_KEY_UISupportedInterfaceOrientations_iPad = "UIInterfaceOrientationPortrait UIInterfaceOrientationPortraitUpsideDown UIInterfaceOrientationLandscapeLeft UIInterfaceOrientationLandscapeRight";
				INFOPLIST_KEY_UISupportedInterfaceOrientations_iPhone = "UIInterfaceOrientationPortrait UIInterfaceOrientationLandscapeLeft UIInterfaceOrientationLandscapeRight";
				LD_RUNPATH_SEARCH_PATHS = (
					"$(inherited)",
					"@executable_path/Frameworks",
				);
				MARKETING_VERSION = 1.0;
				PRODUCT_BUNDLE_IDENTIFIER = "IndieHacking.meeet-app";
				PRODUCT_NAME = "$(TARGET_NAME)";
				SWIFT_EMIT_LOC_STRINGS = YES;
				SWIFT_VERSION = 5.0;
				TARGETED_DEVICE_FAMILY = "1,2";
			};
			name = Release;
		};
/* End XCBuildConfiguration section */

/* Begin XCConfigurationList section */
		99A042BB2B3EC4AC00008784 /* Build configuration list for PBXProject "meeet-app" */ = {
			isa = XCConfigurationList;
			buildConfigurations = (
				99A042CC2B3EC4AD00008784 /* Debug */,
				99A042CD2B3EC4AD00008784 /* Release */,
			);
			defaultConfigurationIsVisible = 0;
			defaultConfigurationName = Release;
		};
		99A042CE2B3EC4AD00008784 /* Build configuration list for PBXNativeTarget "meeet-app" */ = {
			isa = XCConfigurationList;
			buildConfigurations = (
				99A042CF2B3EC4AD00008784 /* Debug */,
				99A042D02B3EC4AD00008784 /* Release */,
			);
			defaultConfigurationIsVisible = 0;
			defaultConfigurationName = Release;
		};
/* End XCConfigurationList section */
	};
	rootObject = 99A042B82B3EC4AC00008784 /* Project object */;
}
